
Microsoft Visual Studio Solution File, Format Version 12.00
# Visual Studio Version 16
VisualStudioVersion = 16.0.30717.126
MinimumVisualStudioVersion = 10.0.40219.1
Project("{FAE04EC0-301F-11D3-BF4B-00C04F79EFBC}") = "AutoDeployedWpfDemo", "AutoDeployedWpfDemo\AutoDeployedWpfDemo.csproj", "{228EBEC5-FE31-4C94-B5B0-38B5D54141CD}"
EndProject
Global
	GlobalSection(SolutionConfigurationPlatforms) = preSolution
		Debug|Any CPU = Debug|Any CPU
		Release|Any CPU = Release|Any CPU
	EndGlobalSection
	GlobalSection(ProjectConfigurationPlatforms) = postSolution
		{228EBEC5-FE31-4C94-B5B0-38B5D54141CD}.Debug|Any CPU.ActiveCfg = Debug|Any CPU
		{228EBEC5-FE31-4C94-B5B0-38B5D54141CD}.Debug|Any CPU.Build.0 = Debug|Any CPU
		{228EBEC5-FE31-4C94-B5B0-38B5D54141CD}.Release|Any CPU.ActiveCfg = Release|Any CPU
		{228EBEC5-FE31-4C94-B5B0-38B5D54141CD}.Release|Any CPU.Build.0 = Release|Any CPU
	EndGlobalSection
	GlobalSection(SolutionProperties) = preSolution
		HideSolutionNode = FALSE
	EndGlobalSection
	GlobalSection(ExtensibilityGlobals) = postSolution
		SolutionGuid = {1E1C9034-4934-485D-BF6A-8D4062987E43}
	EndGlobalSection
EndGlobal
